
Microsoft Visual Studio Solution File, Format Version 12.00
# Visual Studio Version 16
VisualStudioVersion = 16.0.31624.102
MinimumVisualStudioVersion = 10.0.40219.1
Project("{FAE04EC0-301F-11D3-BF4B-00C04F79EFBC}") = "DevIo.AppMvc", "src\DevIo.AppMvc\DevIo.AppMvc.csproj", "{90EEB8C5-5D3F-428F-8CFD-086315537B4D}"
EndProject
Project("{FAE04EC0-301F-11D3-BF4B-00C04F79EFBC}") = "DevIo.Business", "src\DevIo.Business\DevIo.Business.csproj", "{D7EBE348-CF09-4B2D-8144-5F1D1712DB76}"
EndProject
Project("{FAE04EC0-301F-11D3-BF4B-00C04F79EFBC}") = "DevIo.Infra", "src\DevIo.Infra\DevIo.Infra.csproj", "{5B5A5C10-AEB0-4209-AB95-5D8215DEC709}"
EndProject
Global
	GlobalSection(SolutionConfigurationPlatforms) = preSolution
		Debug|Any CPU = Debug|Any CPU
		Release|Any CPU = Release|Any CPU
	EndGlobalSection
	GlobalSection(ProjectConfigurationPlatforms) = postSolution
		{90EEB8C5-5D3F-428F-8CFD-086315537B4D}.Debug|Any CPU.ActiveCfg = Debug|Any CPU
		{90EEB8C5-5D3F-428F-8CFD-086315537B4D}.Debug|Any CPU.Build.0 = Debug|Any CPU
		{90EEB8C5-5D3F-428F-8CFD-086315537B4D}.Release|Any CPU.ActiveCfg = Release|Any CPU
		{90EEB8C5-5D3F-428F-8CFD-086315537B4D}.Release|Any CPU.Build.0 = Release|Any CPU
		{D7EBE348-CF09-4B2D-8144-5F1D1712DB76}.Debug|Any CPU.ActiveCfg = Debug|Any CPU
		{D7EBE348-CF09-4B2D-8144-5F1D1712DB76}.Debug|Any CPU.Build.0 = Debug|Any CPU
		{D7EBE348-CF09-4B2D-8144-5F1D1712DB76}.Release|Any CPU.ActiveCfg = Release|Any CPU
		{D7EBE348-CF09-4B2D-8144-5F1D1712DB76}.Release|Any CPU.Build.0 = Release|Any CPU
		{5B5A5C10-AEB0-4209-AB95-5D8215DEC709}.Debug|Any CPU.ActiveCfg = Debug|Any CPU
		{5B5A5C10-AEB0-4209-AB95-5D8215DEC709}.Debug|Any CPU.Build.0 = Debug|Any CPU
		{5B5A5C10-AEB0-4209-AB95-5D8215DEC709}.Release|Any CPU.ActiveCfg = Release|Any CPU
		{5B5A5C10-AEB0-4209-AB95-5D8215DEC709}.Release|Any CPU.Build.0 = Release|Any CPU
	EndGlobalSection
	GlobalSection(SolutionProperties) = preSolution
		HideSolutionNode = FALSE
	EndGlobalSection
	GlobalSection(ExtensibilityGlobals) = postSolution
		SolutionGuid = {149FCDBD-238E-43D0-BBEF-8C5D2EA1E3E9}
	EndGlobalSection
EndGlobal
